{
  "name": "ClubLangue",
  "version": "1.0.0",
  "lockfileVersion": 1,
  "requires": true,
  "dependencies": {
    "@fullcalendar/daygrid": {
      "version": "4.2.0",
      "resolved": "https://registry.npmjs.org/@fullcalendar/daygrid/-/daygrid-4.2.0.tgz",
      "integrity": "sha512-9C61TowLTTZ657cErdylkdRYxXj5HO0NgogQgYX9X2wz7yvn6loiyGx6oq0o6OFf+e/Z4Ey06j7f/fqn/BPYEQ=="
    },
    "@fullcalendar/list": {
      "version": "4.2.0",
      "resolved": "https://registry.npmjs.org/@fullcalendar/list/-/list-4.2.0.tgz",
      "integrity": "sha512-LJuwUoxLSnVti9NNT0ZG6eztoTkFl4h1/c+BwSUAcovPNAxTfVAbaV3rot+AlHz53d/QX03X1GXSNhRpUWJEBA=="
    },
    "@fullcalendar/timegrid": {
      "version": "4.2.0",
      "resolved": "https://registry.npmjs.org/@fullcalendar/timegrid/-/timegrid-4.2.0.tgz",
      "integrity": "sha512-JtojTR+1uc1/WNzejcmsI5/2Jg007QprK5IpR8ocUVEcHXaBBXU6CPGirEWKyfk7QPZ7KzmJCykQ68QHiptyKA==",
      "requires": {
        "@fullcalendar/daygrid": "~4.2.0"
      }
    }
  }
}
